{
  "lockfileVersion": 2,
  "configVersion": 1,
  "workspaces": {
    "": {
      "name": "juxing-capability-renderer",
      "dependencies": {
        "@resvg/resvg-js": "2.4.1",
        "playwright": "1.61.1",
      },
    },
  },
  "packages": {
    "@resvg/resvg-js": ["@resvg/resvg-js@2.4.1", "", { "optionalDependencies": { "@resvg/resvg-js-android-arm-eabi": "2.4.1", "@resvg/resvg-js-android-arm64": "2.4.1", "@resvg/resvg-js-darwin-arm64": "2.4.1", "@resvg/resvg-js-darwin-x64": "2.4.1", "@resvg/resvg-js-linux-arm-gnueabihf": "2.4.1", "@resvg/resvg-js-linux-arm64-gnu": "2.4.1", "@resvg/resvg-js-linux-arm64-musl": "2.4.1", "@resvg/resvg-js-linux-x64-gnu": "2.4.1", "@resvg/resvg-js-linux-x64-musl": "2.4.1", "@resvg/resvg-js-win32-arm64-msvc": "2.4.1", "@resvg/resvg-js-win32-ia32-msvc": "2.4.1", "@resvg/resvg-js-win32-x64-msvc": "2.4.1" } }, "sha512-wTOf1zerZX8qYcMmLZw3czR4paI4hXqPjShNwJRh5DeHxvgffUS5KM7XwxtbIheUW6LVYT5fhT2AJiP6mU7U4A=="],

    "@resvg/resvg-js-android-arm-eabi": ["@resvg/resvg-js-android-arm-eabi@2.4.1", "", { "os": "android", "cpu": "arm" }, "sha512-AA6f7hS0FAPpvQMhBCf6f1oD1LdlqNXKCxAAPpKh6tR11kqV0YIB9zOlIYgITM14mq2YooLFl6XIbbvmY+jwUw=="],

    "@resvg/resvg-js-android-arm64": ["@resvg/resvg-js-android-arm64@2.4.1", "", { "os": "android", "cpu": "arm64" }, "sha512-/QleoRdPfsEuH9jUjilYcDtKK/BkmWcK+1LXM8L2nsnf/CI8EnFyv7ZzCj4xAIvZGAy9dTYr/5NZBcTwxG2HQg=="],

    "@resvg/resvg-js-darwin-arm64": ["@resvg/resvg-js-darwin-arm64@2.4.1", "", { "os": "darwin", "cpu": "arm64" }, "sha512-U1oMNhea+kAXgiEXgzo7EbFGCD1Edq5aSlQoe6LMly6UjHzgx2W3N5kEXCwU/CgN5FiQhZr7PlSJSlcr7mdhfg=="],

    "@resvg/resvg-js-darwin-x64": ["@resvg/resvg-js-darwin-x64@2.4.1", "", { "os": "darwin", "cpu": "x64" }, "sha512-avyVh6DpebBfHHtTQTZYSr6NG1Ur6TEilk1+H0n7V+g4F7x7WPOo8zL00ZhQCeRQ5H4f8WXNWIEKL8fwqcOkYw=="],

    "@resvg/resvg-js-linux-arm-gnueabihf": ["@resvg/resvg-js-linux-arm-gnueabihf@2.4.1", "", { "os": "linux", "cpu": "arm" }, "sha512-isY/mdKoBWH4VB5v621co+8l101jxxYjuTkwOLsbW+5RK9EbLciPlCB02M99ThAHzI2MYxIUjXNmNgOW8btXvw=="],

    "@resvg/resvg-js-linux-arm64-gnu": ["@resvg/resvg-js-linux-arm64-gnu@2.4.1", "", { "os": "linux", "cpu": "arm64" }, "sha512-uY5voSCrFI8TH95vIYBm5blpkOtltLxLRODyhKJhGfskOI7XkRw5/t1u0sWAGYD8rRSNX+CA+np86otKjubrNg=="],

    "@resvg/resvg-js-linux-arm64-musl": ["@resvg/resvg-js-linux-arm64-musl@2.4.1", "", { "os": "linux", "cpu": "arm64" }, "sha512-6mT0+JBCsermKMdi/O2mMk3m7SqOjwi9TKAwSngRZ/nQoL3Z0Z5zV+572ztgbWr0GODB422uD8e9R9zzz38dRQ=="],

    "@resvg/resvg-js-linux-x64-gnu": ["@resvg/resvg-js-linux-x64-gnu@2.4.1", "", { "os": "linux", "cpu": "x64" }, "sha512-60KnrscLj6VGhkYOJEmmzPlqqfcw1keDh6U+vMcNDjPhV3B5vRSkpP/D/a8sfokyeh4VEacPSYkWGezvzS2/mg=="],

    "@resvg/resvg-js-linux-x64-musl": ["@resvg/resvg-js-linux-x64-musl@2.4.1", "", { "os": "linux", "cpu": "x64" }, "sha512-0AMyZSICC1D7ge115cOZQW8Pcad6PjWuZkBFF3FJuSxC6Dgok0MQnLTs2MfMdKBlAcwO9dXsf3bv9tJZj8pATA=="],

    "@resvg/resvg-js-win32-arm64-msvc": ["@resvg/resvg-js-win32-arm64-msvc@2.4.1", "", { "os": "win32", "cpu": "arm64" }, "sha512-76XDFOFSa3d0QotmcNyChh2xHwk+JTFiEQBVxMlHpHMeq7hNrQJ1IpE1zcHSQvrckvkdfLboKRrlGB86B10Qjw=="],

    "@resvg/resvg-js-win32-ia32-msvc": ["@resvg/resvg-js-win32-ia32-msvc@2.4.1", "", { "os": "win32", "cpu": "ia32" }, "sha512-odyVFGrEWZIzzJ89KdaFtiYWaIJh9hJRW/frcEcG3agJ464VXkN/2oEVF5ulD+5mpGlug9qJg7htzHcKxDN8sg=="],

    "@resvg/resvg-js-win32-x64-msvc": ["@resvg/resvg-js-win32-x64-msvc@2.4.1", "", { "os": "win32", "cpu": "x64" }, "sha512-vY4kTLH2S3bP+puU5x7hlAxHv+ulFgcK6Zn3efKSr0M0KnZ9A3qeAjZteIpkowEFfUeMPNg2dvvoFRJA9zqxSw=="],

    "fsevents": ["fsevents@2.3.2", "", { "os": "darwin" }, "sha512-xiqMQR4xAeHTuB9uWm+fFRcIOgKBMiOBP+eXiyT7jsgVCq1bkVygt00oASowB7EdtpOHaaPgKt812P9ab+DDKA=="],

    "playwright": ["playwright@1.61.1", "", { "dependencies": { "playwright-core": "1.61.1" }, "optionalDependencies": { "fsevents": "2.3.2" }, "bin": { "playwright": "cli.js" } }, "sha512-DWnY5o3YbLWK4GovuAVwpqL+1VwGNdUGrRr++8j8PtQQzvAVZUIMjKQ90fY689sEJZJBbZVw1rXaOKSTitkzPQ=="],

    "playwright-core": ["playwright-core@1.61.1", "", { "bin": { "playwright-core": "cli.js" } }, "sha512-h7Qlt6m4REp25qvIdvbDtVmD4LqVXfpRxhORv9L0jzETM05p4fuPJ3dKyuSXQxDSbXnmS79HAgi9589lGSpLkg=="],
  }
}
